// !$*UTF8*$!
{
	archiveVersion = 1;
	classes = {
	};
	objectVersion = 56;
	objects = {

/* Begin PBXBuildFile section */
		0113B5572ABDC7FC00504B36 /* Random_number_View.swift in Sources */ = {isa = PBXBuildFile; fileRef = 0113B5562ABDC7FC00504B36 /* Random_number_View.swift */; };
		0114E2D12AC6F7BA0062AC81 /* Shake_number_View.swift in Sources */ = {isa = PBXBuildFile; fileRef = 0114E2D02AC6F7BA0062AC81 /* Shake_number_View.swift */; };
		0114E2D32AC6F86B0062AC81 /* Shake_number_ViewModel.swift in Sources */ = {isa = PBXBuildFile; fileRef = 0114E2D22AC6F86B0062AC81 /* Shake_number_ViewModel.swift */; };
		0117B3772ABDBD640091B057 /* Random_ThingsApp.swift in Sources */ = {isa = PBXBuildFile; fileRef = 0117B3762ABDBD640091B057 /* Random_ThingsApp.swift */; };
		0117B3792ABDBD640091B057 /* ContentView.swift in Sources */ = {isa = PBXBuildFile; fileRef = 0117B3782ABDBD640091B057 /* ContentView.swift */; };
		0117B37B2ABDBD650091B057 /* Assets.xcassets in Resources */ = {isa = PBXBuildFile; fileRef = 0117B37A2ABDBD650091B057 /* Assets.xcassets */; };
		0117B37E2ABDBD650091B057 /* Preview Assets.xcassets in Resources */ = {isa = PBXBuildFile; fileRef = 0117B37D2ABDBD650091B057 /* Preview Assets.xcassets */; };
		011B87592ABF094E00BB2462 /* Random_number_ViewModel.swift in Sources */ = {isa = PBXBuildFile; fileRef = 011B87582ABF094E00BB2462 /* Random_number_ViewModel.swift */; };
		01AE25842ABF9A60004B2EEF /* SwiftyGif in Frameworks */ = {isa = PBXBuildFile; productRef = 01AE25832ABF9A60004B2EEF /* SwiftyGif */; };
		01AE25872ABF9A8C004B2EEF /* dice_rolling.gif in Resources */ = {isa = PBXBuildFile; fileRef = 01AE25862ABF9A8C004B2EEF /* dice_rolling.gif */; };
		01AE258C2ABF9D5C004B2EEF /* SDWebImageSwiftUI in Frameworks */ = {isa = PBXBuildFile; productRef = 01AE258B2ABF9D5C004B2EEF /* SDWebImageSwiftUI */; };
		01AE258E2ABFA13C004B2EEF /* zar_donme.gif in Resources */ = {isa = PBXBuildFile; fileRef = 01AE258D2ABFA13C004B2EEF /* zar_donme.gif */; };
		01F97D462ABF90D400CE36E6 /* Dice_number_ViewModel.swift in Sources */ = {isa = PBXBuildFile; fileRef = 01F97D452ABF90D400CE36E6 /* Dice_number_ViewModel.swift */; };
		01F97D482ABF910C00CE36E6 /* Dice_View.swift in Sources */ = {isa = PBXBuildFile; fileRef = 01F97D472ABF910C00CE36E6 /* Dice_View.swift */; };
/* End PBXBuildFile section */

/* Begin PBXFileReference section */
		0113B5562ABDC7FC00504B36 /* Random_number_View.swift */ = {isa = PBXFileReference; lastKnownFileType = sourcecode.swift; path = Random_number_View.swift; sourceTree = "<group>"; };
		0114E2D02AC6F7BA0062AC81 /* Shake_number_View.swift */ = {isa = PBXFileReference; lastKnownFileType = sourcecode.swift; path = Shake_number_View.swift; sourceTree = "<group>"; };
		0114E2D22AC6F86B0062AC81 /* Shake_number_ViewModel.swift */ = {isa = PBXFileReference; lastKnownFileType = sourcecode.swift; path = Shake_number_ViewModel.swift; sourceTree = "<group>"; };
		0117B3732ABDBD640091B057 /* Random Things.app */ = {isa = PBXFileReference; explicitFileType = wrapper.application; includeInIndex = 0; path = "Random Things.app"; sourceTree = BUILT_PRODUCTS_DIR; };
		0117B3762ABDBD640091B057 /* Random_ThingsApp.swift */ = {isa = PBXFileReference; lastKnownFileType = sourcecode.swift; path = Random_ThingsApp.swift; sourceTree = "<group>"; };
		0117B3782ABDBD640091B057 /* ContentView.swift */ = {isa = PBXFileReference; lastKnownFileType = sourcecode.swift; path = ContentView.swift; sourceTree = "<group>"; };
		0117B37A2ABDBD650091B057 /* Assets.xcassets */ = {isa = PBXFileReference; lastKnownFileType = folder.assetcatalog; path = Assets.xcassets; sourceTree = "<group>"; };
		0117B37D2ABDBD650091B057 /* Preview Assets.xcassets */ = {isa = PBXFileReference; lastKnownFileType = folder.assetcatalog; path = "Preview Assets.xcassets"; sourceTree = "<group>"; };
		011B87582ABF094E00BB2462 /* Random_number_ViewModel.swift */ = {isa = PBXFileReference; lastKnownFileType = sourcecode.swift; path = Random_number_ViewModel.swift; sourceTree = "<group>"; };
		01AE25862ABF9A8C004B2EEF /* dice_rolling.gif */ = {isa = PBXFileReference; lastKnownFileType = image.gif; path = dice_rolling.gif; sourceTree = "<group>"; };
		01AE258D2ABFA13C004B2EEF /* zar_donme.gif */ = {isa = PBXFileReference; lastKnownFileType = image.gif; path = zar_donme.gif; sourceTree = "<group>"; };
		01F97D452ABF90D400CE36E6 /* Dice_number_ViewModel.swift */ = {isa = PBXFileReference; lastKnownFileType = sourcecode.swift; path = Dice_number_ViewModel.swift; sourceTree = "<group>"; };
		01F97D472ABF910C00CE36E6 /* Dice_View.swift */ = {isa = PBXFileReference; lastKnownFileType = sourcecode.swift; path = Dice_View.swift; sourceTree = "<group>"; };
/* End PBXFileReference section */

/* Begin PBXFrameworksBuildPhase section */
		0117B3702ABDBD630091B057 /* Frameworks */ = {
			isa = PBXFrameworksBuildPhase;
			buildActionMask = 2147483647;
			files = (
				01AE258C2ABF9D5C004B2EEF /* SDWebImageSwiftUI in Frameworks */,
				01AE25842ABF9A60004B2EEF /* SwiftyGif in Frameworks */,
			);
			runOnlyForDeploymentPostprocessing = 0;
		};
/* End PBXFrameworksBuildPhase section */

/* Begin PBXGroup section */
		0117B36A2ABDBD630091B057 = {
			isa = PBXGroup;
			children = (
				0117B3752ABDBD640091B057 /* Random Things */,
				0117B3742ABDBD640091B057 /* Products */,
			);
			sourceTree = "<group>";
		};
		0117B3742ABDBD640091B057 /* Products */ = {
			isa = PBXGroup;
			children = (
				0117B3732ABDBD640091B057 /* Random Things.app */,
			);
			name = Products;
			sourceTree = "<group>";
		};
		0117B3752ABDBD640091B057 /* Random Things */ = {
			isa = PBXGroup;
			children = (
				01AE25852ABF9A7E004B2EEF /* Gifs */,
				011B87572ABF091A00BB2462 /* ViewModel */,
				0117B3842ABDBEF60091B057 /* View */,
				0117B3762ABDBD640091B057 /* Random_ThingsApp.swift */,
				0117B37A2ABDBD650091B057 /* Assets.xcassets */,
				0117B37C2ABDBD650091B057 /* Preview Content */,
			);
			path = "Random Things";
			sourceTree = "<group>";
		};
		0117B37C2ABDBD650091B057 /* Preview Content */ = {
			isa = PBXGroup;
			children = (
				0117B37D2ABDBD650091B057 /* Preview Assets.xcassets */,
			);
			path = "Preview Content";
			sourceTree = "<group>";
		};
		0117B3842ABDBEF60091B057 /* View */ = {
			isa = PBXGroup;
			children = (
				0117B3782ABDBD640091B057 /* ContentView.swift */,
				0113B5562ABDC7FC00504B36 /* Random_number_View.swift */,
				01F97D472ABF910C00CE36E6 /* Dice_View.swift */,
				0114E2D02AC6F7BA0062AC81 /* Shake_number_View.swift */,
			);
			path = View;
			sourceTree = "<group>";
		};
		011B87572ABF091A00BB2462 /* ViewModel */ = {
			isa = PBXGroup;
			children = (
				011B87582ABF094E00BB2462 /* Random_number_ViewModel.swift */,
				01F97D452ABF90D400CE36E6 /* Dice_number_ViewModel.swift */,
				0114E2D22AC6F86B0062AC81 /* Shake_number_ViewModel.swift */,
			);
			path = ViewModel;
			sourceTree = "<group>";
		};
		01AE25852ABF9A7E004B2EEF /* Gifs */ = {
			isa = PBXGroup;
			children = (
				01AE25862ABF9A8C004B2EEF /* dice_rolling.gif */,
				01AE258D2ABFA13C004B2EEF /* zar_donme.gif */,
			);
			path = Gifs;
			sourceTree = "<group>";
		};
/* End PBXGroup section */

/* Begin PBXNativeTarget section */
		0117B3722ABDBD630091B057 /* Random Things */ = {
			isa = PBXNativeTarget;
			buildConfigurationList = 0117B3812ABDBD650091B057 /* Build configuration list for PBXNativeTarget "Random Things" */;
			buildPhases = (
				0117B36F2ABDBD630091B057 /* Sources */,
				0117B3702ABDBD630091B057 /* Frameworks */,
				0117B3712ABDBD630091B057 /* Resources */,
			);
			buildRules = (
			);
			dependencies = (
			);
			name = "Random Things";
			packageProductDependencies = (
				01AE25832ABF9A60004B2EEF /* SwiftyGif */,
				01AE258B2ABF9D5C004B2EEF /* SDWebImageSwiftUI */,
			);
			productName = "Random Things";
			productReference = 0117B3732ABDBD640091B057 /* Random Things.app */;
			productType = "com.apple.product-type.application";
		};
/* End PBXNativeTarget section */

/* Begin PBXProject section */
		0117B36B2ABDBD630091B057 /* Project object */ = {
			isa = PBXProject;
			attributes = {
				BuildIndependentTargetsInParallel = 1;
				LastSwiftUpdateCheck = 1430;
				LastUpgradeCheck = 1500;
				TargetAttributes = {
					0117B3722ABDBD630091B057 = {
						CreatedOnToolsVersion = 14.3.1;
					};
				};
			};
			buildConfigurationList = 0117B36E2ABDBD630091B057 /* Build configuration list for PBXProject "Random Things" */;
			compatibilityVersion = "Xcode 14.0";
			developmentRegion = en;
			hasScannedForEncodings = 0;
			knownRegions = (
				en,
				Base,
			);
			mainGroup = 0117B36A2ABDBD630091B057;
			packageReferences = (
				01AE25822ABF9A60004B2EEF /* XCRemoteSwiftPackageReference "SwiftyGif" */,
				01AE258A2ABF9D5C004B2EEF /* XCRemoteSwiftPackageReference "SDWebImageSwiftUI" */,
			);
			productRefGroup = 0117B3742ABDBD640091B057 /* Products */;
			projectDirPath = "";
			projectRoot = "";
			targets = (
				0117B3722ABDBD630091B057 /* Random Things */,
			);
		};
/* End PBXProject section */

/* Begin PBXResourcesBuildPhase section */
		0117B3712ABDBD630091B057 /* Resources */ = {
			isa = PBXResourcesBuildPhase;
			buildActionMask = 2147483647;
			files = (
				01AE258E2ABFA13C004B2EEF /* zar_donme.gif in Resources */,
				0117B37E2ABDBD650091B057 /* Preview Assets.xcassets in Resources */,
				0117B37B2ABDBD650091B057 /* Assets.xcassets in Resources */,
				01AE25872ABF9A8C004B2EEF /* dice_rolling.gif in Resources */,
			);
			runOnlyForDeploymentPostprocessing = 0;
		};
/* End PBXResourcesBuildPhase section */

/* Begin PBXSourcesBuildPhase section */
		0117B36F2ABDBD630091B057 /* Sources */ = {
			isa = PBXSourcesBuildPhase;
			buildActionMask = 2147483647;
			files = (
				0117B3792ABDBD640091B057 /* ContentView.swift in Sources */,
				01F97D482ABF910C00CE36E6 /* Dice_View.swift in Sources */,
				0114E2D12AC6F7BA0062AC81 /* Shake_number_View.swift in Sources */,
				011B87592ABF094E00BB2462 /* Random_number_ViewModel.swift in Sources */,
				01F97D462ABF90D400CE36E6 /* Dice_number_ViewModel.swift in Sources */,
				0117B3772ABDBD640091B057 /* Random_ThingsApp.swift in Sources */,
				0114E2D32AC6F86B0062AC81 /* Shake_number_ViewModel.swift in Sources */,
				0113B5572ABDC7FC00504B36 /* Random_number_View.swift in Sources */,
			);
			runOnlyForDeploymentPostprocessing = 0;
		};
/* End PBXSourcesBuildPhase section */

/* Begin XCBuildConfiguration section */
		0117B37F2ABDBD650091B057 /* Debug */ = {
			isa = XCBuildConfiguration;
			buildSettings = {
				ALWAYS_SEARCH_USER_PATHS = NO;
				CLANG_ANALYZER_NONNULL = YES;
				CLANG_ANALYZER_NUMBER_OBJECT_CONVERSION = YES_AGGRESSIVE;
				CLANG_CXX_LANGUAGE_STANDARD = "gnu++20";
				CLANG_ENABLE_MODULES = YES;
				CLANG_ENABLE_OBJC_ARC = YES;
				CLANG_ENABLE_OBJC_WEAK = YES;
				CLANG_WARN_BLOCK_CAPTURE_AUTORELEASING = YES;
				CLANG_WARN_BOOL_CONVERSION = YES;
				CLANG_WARN_COMMA = YES;
				CLANG_WARN_CONSTANT_CONVERSION = YES;
				CLANG_WARN_DEPRECATED_OBJC_IMPLEMENTATIONS = YES;
				CLANG_WARN_DIRECT_OBJC_ISA_USAGE = YES_ERROR;
				CLANG_WARN_DOCUMENTATION_COMMENTS = YES;
				CLANG_WARN_EMPTY_BODY = YES;
				CLANG_WARN_ENUM_CONVERSION = YES;
				CLANG_WARN_INFINITE_RECURSION = YES;
				CLANG_WARN_INT_CONVERSION = YES;
				CLANG_WARN_NON_LITERAL_NULL_CONVERSION = YES;
				CLANG_WARN_OBJC_IMPLICIT_RETAIN_SELF = YES;
				CLANG_WARN_OBJC_LITERAL_CONVERSION = YES;
				CLANG_WARN_OBJC_ROOT_CLASS = YES_ERROR;
				CLANG_WARN_QUOTED_INCLUDE_IN_FRAMEWORK_HEADER = YES;
				CLANG_WARN_RANGE_LOOP_ANALYSIS = YES;
				CLANG_WARN_STRICT_PROTOTYPES = YES;
				CLANG_WARN_SUSPICIOUS_MOVE = YES;
				CLANG_WARN_UNGUARDED_AVAILABILITY = YES_AGGRESSIVE;
				CLANG_WARN_UNREACHABLE_CODE = YES;
				CLANG_WARN__DUPLICATE_METHOD_MATCH = YES;
				COPY_PHASE_STRIP = NO;
				DEBUG_INFORMATION_FORMAT = dwarf;
				ENABLE_STRICT_OBJC_MSGSEND = YES;
				ENABLE_TESTABILITY = YES;
				ENABLE_USER_SCRIPT_SANDBOXING = YES;
				GCC_C_LANGUAGE_STANDARD = gnu11;
				GCC_DYNAMIC_NO_PIC = NO;
				GCC_NO_COMMON_BLOCKS = YES;
				GCC_OPTIMIZATION_LEVEL = 0;
				GCC_PREPROCESSOR_DEFINITIONS = (
					"DEBUG=1",
					"$(inherited)",
				);
				GCC_WARN_64_TO_32_BIT_CONVERSION = YES;
				GCC_WARN_ABOUT_RETURN_TYPE = YES_ERROR;
				GCC_WARN_UNDECLARED_SELECTOR = YES;
				GCC_WARN_UNINITIALIZED_AUTOS = YES_AGGRESSIVE;
				GCC_WARN_UNUSED_FUNCTION = YES;
				GCC_WARN_UNUSED_VARIABLE = YES;
				IPHONEOS_DEPLOYMENT_TARGET = 15.0;
				MTL_ENABLE_DEBUG_INFO = INCLUDE_SOURCE;
				MTL_FAST_MATH = YES;
				ONLY_ACTIVE_ARCH = YES;
				SDKROOT = iphoneos;
				SWIFT_ACTIVE_COMPILATION_CONDITIONS = DEBUG;
				SWIFT_OPTIMIZATION_LEVEL = "-Onone";
			};
			name = Debug;
		};
		0117B3802ABDBD650091B057 /* Release */ = {
			isa = XCBuildConfiguration;
			buildSettings = {
				ALWAYS_SEARCH_USER_PATHS = NO;
				CLANG_ANALYZER_NONNULL = YES;
				CLANG_ANALYZER_NUMBER_OBJECT_CONVERSION = YES_AGGRESSIVE;
				CLANG_CXX_LANGUAGE_STANDARD = "gnu++20";
				CLANG_ENABLE_MODULES = YES;
				CLANG_ENABLE_OBJC_ARC = YES;
				CLANG_ENABLE_OBJC_WEAK = YES;
				CLANG_WARN_BLOCK_CAPTURE_AUTORELEASING = YES;
				CLANG_WARN_BOOL_CONVERSION = YES;
				CLANG_WARN_COMMA = YES;
				CLANG_WARN_CONSTANT_CONVERSION = YES;
				CLANG_WARN_DEPRECATED_OBJC_IMPLEMENTATIONS = YES;
				CLANG_WARN_DIRECT_OBJC_ISA_USAGE = YES_ERROR;
				CLANG_WARN_DOCUMENTATION_COMMENTS = YES;
				CLANG_WARN_EMPTY_BODY = YES;
				CLANG_WARN_ENUM_CONVERSION = YES;
				CLANG_WARN_INFINITE_RECURSION = YES;
				CLANG_WARN_INT_CONVERSION = YES;
				CLANG_WARN_NON_LITERAL_NULL_CONVERSION = YES;
				CLANG_WARN_OBJC_IMPLICIT_RETAIN_SELF = YES;
				CLANG_WARN_OBJC_LITERAL_CONVERSION = YES;
				CLANG_WARN_OBJC_ROOT_CLASS = YES_ERROR;
				CLANG_WARN_QUOTED_INCLUDE_IN_FRAMEWORK_HEADER = YES;
				CLANG_WARN_RANGE_LOOP_ANALYSIS = YES;
				CLANG_WARN_STRICT_PROTOTYPES = YES;
				CLANG_WARN_SUSPICIOUS_MOVE = YES;
				CLANG_WARN_UNGUARDED_AVAILABILITY = YES_AGGRESSIVE;
				CLANG_WARN_UNREACHABLE_CODE = YES;
				CLANG_WARN__DUPLICATE_METHOD_MATCH = YES;
				COPY_PHASE_STRIP = NO;
				DEBUG_INFORMATION_FORMAT = "dwarf-with-dsym";
				ENABLE_NS_ASSERTIONS = NO;
				ENABLE_STRICT_OBJC_MSGSEND = YES;
				ENABLE_USER_SCRIPT_SANDBOXING = YES;
				GCC_C_LANGUAGE_STANDARD = gnu11;
				GCC_NO_COMMON_BLOCKS = YES;
				GCC_WARN_64_TO_32_BIT_CONVERSION = YES;
				GCC_WARN_ABOUT_RETURN_TYPE = YES_ERROR;
				GCC_WARN_UNDECLARED_SELECTOR = YES;
				GCC_WARN_UNINITIALIZED_AUTOS = YES_AGGRESSIVE;
				GCC_WARN_UNUSED_FUNCTION = YES;
				GCC_WARN_UNUSED_VARIABLE = YES;
				IPHONEOS_DEPLOYMENT_TARGET = 15.0;
				MTL_ENABLE_DEBUG_INFO = NO;
				MTL_FAST_MATH = YES;
				SDKROOT = iphoneos;
				SWIFT_COMPILATION_MODE = wholemodule;
				SWIFT_OPTIMIZATION_LEVEL = "-O";
				VALIDATE_PRODUCT = YES;
			};
			name = Release;
		};
		0117B3822ABDBD650091B057 /* Debug */ = {
			isa = XCBuildConfiguration;
			buildSettings = {
				ASSETCATALOG_COMPILER_APPICON_NAME = AppIcon;
				ASSETCATALOG_COMPILER_GLOBAL_ACCENT_COLOR_NAME = AccentColor;
				CODE_SIGN_STYLE = Automatic;
				CURRENT_PROJECT_VERSION = 1;
				DEVELOPMENT_ASSET_PATHS = "\"Random Things/Preview Content\"";
				DEVELOPMENT_TEAM = VTWWU55Y4C;
				ENABLE_PREVIEWS = YES;
				GENERATE_INFOPLIST_FILE = YES;
				INFOPLIST_KEY_UIApplicationSceneManifest_Generation = YES;
				INFOPLIST_KEY_UIApplicationSupportsIndirectInputEvents = YES;
				INFOPLIST_KEY_UILaunchScreen_Generation = YES;
				INFOPLIST_KEY_UISupportedInterfaceOrientations_iPad = "UIInterfaceOrientationPortrait UIInterfaceOrientationPortraitUpsideDown UIInterfaceOrientationLandscapeLeft UIInterfaceOrientationLandscapeRight";
				INFOPLIST_KEY_UISupportedInterfaceOrientations_iPhone = "UIInterfaceOrientationPortrait UIInterfaceOrientationLandscapeLeft UIInterfaceOrientationLandscapeRight";
				IPHONEOS_DEPLOYMENT_TARGET = 15.0;
				LD_RUNPATH_SEARCH_PATHS = (
					"$(inherited)",
					"@executable_path/Frameworks",
				);
				MARKETING_VERSION = 1.0;
				PRODUCT_BUNDLE_IDENTIFIER = "site.backhub.Random-Things";
				PRODUCT_NAME = "$(TARGET_NAME)";
				SUPPORTED_PLATFORMS = "iphoneos iphonesimulator";
				SUPPORTS_MACCATALYST = NO;
				SUPPORTS_MAC_DESIGNED_FOR_IPHONE_IPAD = NO;
				SWIFT_EMIT_LOC_STRINGS = YES;
				SWIFT_VERSION = 5.0;
				TARGETED_DEVICE_FAMILY = 1;
			};
			name = Debug;
		};
		0117B3832ABDBD650091B057 /* Release */ = {
			isa = XCBuildConfiguration;
			buildSettings = {
				ASSETCATALOG_COMPILER_APPICON_NAME = AppIcon;
				ASSETCATALOG_COMPILER_GLOBAL_ACCENT_COLOR_NAME = AccentColor;
				CODE_SIGN_STYLE = Automatic;
				CURRENT_PROJECT_VERSION = 1;
				DEVELOPMENT_ASSET_PATHS = "\"Random Things/Preview Content\"";
				DEVELOPMENT_TEAM = VTWWU55Y4C;
				ENABLE_PREVIEWS = YES;
				GENERATE_INFOPLIST_FILE = YES;
				INFOPLIST_KEY_UIApplicationSceneManifest_Generation = YES;
				INFOPLIST_KEY_UIApplicationSupportsIndirectInputEvents = YES;
				INFOPLIST_KEY_UILaunchScreen_Generation = YES;
				INFOPLIST_KEY_UISupportedInterfaceOrientations_iPad = "UIInterfaceOrientationPortrait UIInterfaceOrientationPortraitUpsideDown UIInterfaceOrientationLandscapeLeft UIInterfaceOrientationLandscapeRight";
				INFOPLIST_KEY_UISupportedInterfaceOrientations_iPhone = "UIInterfaceOrientationPortrait UIInterfaceOrientationLandscapeLeft UIInterfaceOrientationLandscapeRight";
				IPHONEOS_DEPLOYMENT_TARGET = 15.0;
				LD_RUNPATH_SEARCH_PATHS = (
					"$(inherited)",
					"@executable_path/Frameworks",
				);
				MARKETING_VERSION = 1.0;
				PRODUCT_BUNDLE_IDENTIFIER = "site.backhub.Random-Things";
				PRODUCT_NAME = "$(TARGET_NAME)";
				SUPPORTED_PLATFORMS = "iphoneos iphonesimulator";
				SUPPORTS_MACCATALYST = NO;
				SUPPORTS_MAC_DESIGNED_FOR_IPHONE_IPAD = NO;
				SWIFT_EMIT_LOC_STRINGS = YES;
				SWIFT_VERSION = 5.0;
				TARGETED_DEVICE_FAMILY = 1;
			};
			name = Release;
		};
/* End XCBuildConfiguration section */

/* Begin XCConfigurationList section */
		0117B36E2ABDBD630091B057 /* Build configuration list for PBXProject "Random Things" */ = {
			isa = XCConfigurationList;
			buildConfigurations = (
				0117B37F2ABDBD650091B057 /* Debug */,
				0117B3802ABDBD650091B057 /* Release */,
			);
			defaultConfigurationIsVisible = 0;
			defaultConfigurationName = Release;
		};
		0117B3812ABDBD650091B057 /* Build configuration list for PBXNativeTarget "Random Things" */ = {
			isa = XCConfigurationList;
			buildConfigurations = (
				0117B3822ABDBD650091B057 /* Debug */,
				0117B3832ABDBD650091B057 /* Release */,
			);
			defaultConfigurationIsVisible = 0;
			defaultConfigurationName = Release;
		};
/* End XCConfigurationList section */

/* Begin XCRemoteSwiftPackageReference section */
		01AE25822ABF9A60004B2EEF /* XCRemoteSwiftPackageReference "SwiftyGif" */ = {
			isa = XCRemoteSwiftPackageReference;
			repositoryURL = "https://github.com/kirualex/SwiftyGif.git";
			requirement = {
				kind = upToNextMajorVersion;
				minimumVersion = 5.0.0;
			};
		};
		01AE258A2ABF9D5C004B2EEF /* XCRemoteSwiftPackageReference "SDWebImageSwiftUI" */ = {
			isa = XCRemoteSwiftPackageReference;
			repositoryURL = "https://github.com/SDWebImage/SDWebImageSwiftUI";
			requirement = {
				kind = upToNextMajorVersion;
				minimumVersion = 2.0.0;
			};
		};
/* End XCRemoteSwiftPackageReference section */

/* Begin XCSwiftPackageProductDependency section */
		01AE25832ABF9A60004B2EEF /* SwiftyGif */ = {
			isa = XCSwiftPackageProductDependency;
			package = 01AE25822ABF9A60004B2EEF /* XCRemoteSwiftPackageReference "SwiftyGif" */;
			productName = SwiftyGif;
		};
		01AE258B2ABF9D5C004B2EEF /* SDWebImageSwiftUI */ = {
			isa = XCSwiftPackageProductDependency;
			package = 01AE258A2ABF9D5C004B2EEF /* XCRemoteSwiftPackageReference "SDWebImageSwiftUI" */;
			productName = SDWebImageSwiftUI;
		};
/* End XCSwiftPackageProductDependency section */
	};
	rootObject = 0117B36B2ABDBD630091B057 /* Project object */;
}
